
Microsoft Visual Studio Solution File, Format Version 12.00
# Visual Studio Version 17
VisualStudioVersion = 17.9.34728.123
MinimumVisualStudioVersion = 15.0.26124.0
Project("{9A19103F-16F7-4668-BE54-9A1E7A4F7556}") = "CoffeeBrewer.Cdk.Cicd", "CoffeeBrewer.Cdk.Cicd\CoffeeBrewer.Cdk.Cicd.csproj", "{D3DDCCAC-73F6-4B46-8F86-CDE0E0A4A467}"
EndProject
Project("{2150E333-8FDC-42A3-9474-1A3956D46DE8}") = "Solution Items", "Solution Items", "{0E73782F-B2C4-472C-8859-649C1B76F98C}"
	ProjectSection(SolutionItems) = preProject
		..\cdk.json = ..\cdk.json
		..\README.md = ..\README.md
	EndProjectSection
EndProject
Project("{9A19103F-16F7-4668-BE54-9A1E7A4F7556}") = "CoffeeBrewer.Api", "CoffeeBrewer.Api\CoffeeBrewer.Api.csproj", "{357A0AC5-28BD-4139-8DEB-C766B253FDCE}"
EndProject
Project("{9A19103F-16F7-4668-BE54-9A1E7A4F7556}") = "CoffeeBrewer.Api.Tests", "CoffeeBrewer.Api.Tests\CoffeeBrewer.Api.Tests.csproj", "{3A80DC8D-4D73-4771-A14D-FB68055C0B6B}"
EndProject
Project("{9A19103F-16F7-4668-BE54-9A1E7A4F7556}") = "CoffeeBrewer.App", "CoffeeBrewer.App\CoffeeBrewer.App.csproj", "{C7168317-B37D-44C2-8D89-862C201F6022}"
EndProject
Project("{9A19103F-16F7-4668-BE54-9A1E7A4F7556}") = "CoffeeBrewer.App.Tests", "CoffeeBrewer.App.Tests\CoffeeBrewer.App.Tests.csproj", "{28FF06A1-7B01-4608-8D6E-258E9381DACD}"
EndProject
Project("{9A19103F-16F7-4668-BE54-9A1E7A4F7556}") = "CoffeeBrewer.Adaptors", "CoffeeBrewer.Adaptors\CoffeeBrewer.Adaptors.csproj", "{38A22DBC-C801-4706-A081-68903E1BDF85}"
EndProject
Global
	GlobalSection(SolutionConfigurationPlatforms) = preSolution
		Debug|Any CPU = Debug|Any CPU
		Debug|x64 = Debug|x64
		Debug|x86 = Debug|x86
		Release|Any CPU = Release|Any CPU
		Release|x64 = Release|x64
		Release|x86 = Release|x86
	EndGlobalSection
	GlobalSection(ProjectConfigurationPlatforms) = postSolution
		{D3DDCCAC-73F6-4B46-8F86-CDE0E0A4A467}.Debug|Any CPU.ActiveCfg = Debug|Any CPU
		{D3DDCCAC-73F6-4B46-8F86-CDE0E0A4A467}.Debug|Any CPU.Build.0 = Debug|Any CPU
		{D3DDCCAC-73F6-4B46-8F86-CDE0E0A4A467}.Debug|x64.ActiveCfg = Debug|Any CPU
		{D3DDCCAC-73F6-4B46-8F86-CDE0E0A4A467}.Debug|x64.Build.0 = Debug|Any CPU
		{D3DDCCAC-73F6-4B46-8F86-CDE0E0A4A467}.Debug|x86.ActiveCfg = Debug|Any CPU
		{D3DDCCAC-73F6-4B46-8F86-CDE0E0A4A467}.Debug|x86.Build.0 = Debug|Any CPU
		{D3DDCCAC-73F6-4B46-8F86-CDE0E0A4A467}.Release|Any CPU.ActiveCfg = Release|Any CPU
		{D3DDCCAC-73F6-4B46-8F86-CDE0E0A4A467}.Release|Any CPU.Build.0 = Release|Any CPU
		{D3DDCCAC-73F6-4B46-8F86-CDE0E0A4A467}.Release|x64.ActiveCfg = Release|Any CPU
		{D3DDCCAC-73F6-4B46-8F86-CDE0E0A4A467}.Release|x64.Build.0 = Release|Any CPU
		{D3DDCCAC-73F6-4B46-8F86-CDE0E0A4A467}.Release|x86.ActiveCfg = Release|Any CPU
		{D3DDCCAC-73F6-4B46-8F86-CDE0E0A4A467}.Release|x86.Build.0 = Release|Any CPU
		{357A0AC5-28BD-4139-8DEB-C766B253FDCE}.Debug|Any CPU.ActiveCfg = Debug|Any CPU
		{357A0AC5-28BD-4139-8DEB-C766B253FDCE}.Debug|Any CPU.Build.0 = Debug|Any CPU
		{357A0AC5-28BD-4139-8DEB-C766B253FDCE}.Debug|x64.ActiveCfg = Debug|Any CPU
		{357A0AC5-28BD-4139-8DEB-C766B253FDCE}.Debug|x64.Build.0 = Debug|Any CPU
		{357A0AC5-28BD-4139-8DEB-C766B253FDCE}.Debug|x86.ActiveCfg = Debug|Any CPU
		{357A0AC5-28BD-4139-8DEB-C766B253FDCE}.Debug|x86.Build.0 = Debug|Any CPU
		{357A0AC5-28BD-4139-8DEB-C766B253FDCE}.Release|Any CPU.ActiveCfg = Release|Any CPU
		{357A0AC5-28BD-4139-8DEB-C766B253FDCE}.Release|Any CPU.Build.0 = Release|Any CPU
		{357A0AC5-28BD-4139-8DEB-C766B253FDCE}.Release|x64.ActiveCfg = Release|Any CPU
		{357A0AC5-28BD-4139-8DEB-C766B253FDCE}.Release|x64.Build.0 = Release|Any CPU
		{357A0AC5-28BD-4139-8DEB-C766B253FDCE}.Release|x86.ActiveCfg = Release|Any CPU
		{357A0AC5-28BD-4139-8DEB-C766B253FDCE}.Release|x86.Build.0 = Release|Any CPU
		{3A80DC8D-4D73-4771-A14D-FB68055C0B6B}.Debug|Any CPU.ActiveCfg = Debug|Any CPU
		{3A80DC8D-4D73-4771-A14D-FB68055C0B6B}.Debug|Any CPU.Build.0 = Debug|Any CPU
		{3A80DC8D-4D73-4771-A14D-FB68055C0B6B}.Debug|x64.ActiveCfg = Debug|Any CPU
		{3A80DC8D-4D73-4771-A14D-FB68055C0B6B}.Debug|x64.Build.0 = Debug|Any CPU
		{3A80DC8D-4D73-4771-A14D-FB68055C0B6B}.Debug|x86.ActiveCfg = Debug|Any CPU
		{3A80DC8D-4D73-4771-A14D-FB68055C0B6B}.Debug|x86.Build.0 = Debug|Any CPU
		{3A80DC8D-4D73-4771-A14D-FB68055C0B6B}.Release|Any CPU.ActiveCfg = Release|Any CPU
		{3A80DC8D-4D73-4771-A14D-FB68055C0B6B}.Release|Any CPU.Build.0 = Release|Any CPU
		{3A80DC8D-4D73-4771-A14D-FB68055C0B6B}.Release|x64.ActiveCfg = Release|Any CPU
		{3A80DC8D-4D73-4771-A14D-FB68055C0B6B}.Release|x64.Build.0 = Release|Any CPU
		{3A80DC8D-4D73-4771-A14D-FB68055C0B6B}.Release|x86.ActiveCfg = Release|Any CPU
		{3A80DC8D-4D73-4771-A14D-FB68055C0B6B}.Release|x86.Build.0 = Release|Any CPU
		{C7168317-B37D-44C2-8D89-862C201F6022}.Debug|Any CPU.ActiveCfg = Debug|Any CPU
		{C7168317-B37D-44C2-8D89-862C201F6022}.Debug|Any CPU.Build.0 = Debug|Any CPU
		{C7168317-B37D-44C2-8D89-862C201F6022}.Debug|x64.ActiveCfg = Debug|Any CPU
		{C7168317-B37D-44C2-8D89-862C201F6022}.Debug|x64.Build.0 = Debug|Any CPU
		{C7168317-B37D-44C2-8D89-862C201F6022}.Debug|x86.ActiveCfg = Debug|Any CPU
		{C7168317-B37D-44C2-8D89-862C201F6022}.Debug|x86.Build.0 = Debug|Any CPU
		{C7168317-B37D-44C2-8D89-862C201F6022}.Release|Any CPU.ActiveCfg = Release|Any CPU
		{C7168317-B37D-44C2-8D89-862C201F6022}.Release|Any CPU.Build.0 = Release|Any CPU
		{C7168317-B37D-44C2-8D89-862C201F6022}.Release|x64.ActiveCfg = Release|Any CPU
		{C7168317-B37D-44C2-8D89-862C201F6022}.Release|x64.Build.0 = Release|Any CPU
		{C7168317-B37D-44C2-8D89-862C201F6022}.Release|x86.ActiveCfg = Release|Any CPU
		{C7168317-B37D-44C2-8D89-862C201F6022}.Release|x86.Build.0 = Release|Any CPU
		{28FF06A1-7B01-4608-8D6E-258E9381DACD}.Debug|Any CPU.ActiveCfg = Debug|Any CPU
		{28FF06A1-7B01-4608-8D6E-258E9381DACD}.Debug|Any CPU.Build.0 = Debug|Any CPU
		{28FF06A1-7B01-4608-8D6E-258E9381DACD}.Debug|x64.ActiveCfg = Debug|Any CPU
		{28FF06A1-7B01-4608-8D6E-258E9381DACD}.Debug|x64.Build.0 = Debug|Any CPU
		{28FF06A1-7B01-4608-8D6E-258E9381DACD}.Debug|x86.ActiveCfg = Debug|Any CPU
		{28FF06A1-7B01-4608-8D6E-258E9381DACD}.Debug|x86.Build.0 = Debug|Any CPU
		{28FF06A1-7B01-4608-8D6E-258E9381DACD}.Release|Any CPU.ActiveCfg = Release|Any CPU
		{28FF06A1-7B01-4608-8D6E-258E9381DACD}.Release|Any CPU.Build.0 = Release|Any CPU
		{28FF06A1-7B01-4608-8D6E-258E9381DACD}.Release|x64.ActiveCfg = Release|Any CPU
		{28FF06A1-7B01-4608-8D6E-258E9381DACD}.Release|x64.Build.0 = Release|Any CPU
		{28FF06A1-7B01-4608-8D6E-258E9381DACD}.Release|x86.ActiveCfg = Release|Any CPU
		{28FF06A1-7B01-4608-8D6E-258E9381DACD}.Release|x86.Build.0 = Release|Any CPU
		{38A22DBC-C801-4706-A081-68903E1BDF85}.Debug|Any CPU.ActiveCfg = Debug|Any CPU
		{38A22DBC-C801-4706-A081-68903E1BDF85}.Debug|Any CPU.Build.0 = Debug|Any CPU
		{38A22DBC-C801-4706-A081-68903E1BDF85}.Debug|x64.ActiveCfg = Debug|Any CPU
		{38A22DBC-C801-4706-A081-68903E1BDF85}.Debug|x64.Build.0 = Debug|Any CPU
		{38A22DBC-C801-4706-A081-68903E1BDF85}.Debug|x86.ActiveCfg = Debug|Any CPU
		{38A22DBC-C801-4706-A081-68903E1BDF85}.Debug|x86.Build.0 = Debug|Any CPU
		{38A22DBC-C801-4706-A081-68903E1BDF85}.Release|Any CPU.ActiveCfg = Release|Any CPU
		{38A22DBC-C801-4706-A081-68903E1BDF85}.Release|Any CPU.Build.0 = Release|Any CPU
		{38A22DBC-C801-4706-A081-68903E1BDF85}.Release|x64.ActiveCfg = Release|Any CPU
		{38A22DBC-C801-4706-A081-68903E1BDF85}.Release|x64.Build.0 = Release|Any CPU
		{38A22DBC-C801-4706-A081-68903E1BDF85}.Release|x86.ActiveCfg = Release|Any CPU
		{38A22DBC-C801-4706-A081-68903E1BDF85}.Release|x86.Build.0 = Release|Any CPU
	EndGlobalSection
	GlobalSection(SolutionProperties) = preSolution
		HideSolutionNode = FALSE
	EndGlobalSection
	GlobalSection(ExtensibilityGlobals) = postSolution
		SolutionGuid = {A05A473F-8412-4005-9FCD-C0AF881A1BB0}
	EndGlobalSection
EndGlobal
